{
  "name": "h1-a",
  "version": "1.0.0",
  "lockfileVersion": 1,
  "requires": true,
  "dependencies": {
    "husky": {
      "version": "9.0.11"
    },
    "release-toolkit": {
      "version": "file:../..",
      "requires": {
        "axios": "^1.7.2"
      },
      "dependencies": {
        "@sinonjs/commons": {
          "version": "3.0.1",
          "requires": {
            "type-detect": "4.0.8"
          }
        },
        "@sinonjs/fake-timers": {
          "version": "11.2.2",
          "requires": {
            "@sinonjs/commons": "^3.0.0"
          }
        },
        "@sinonjs/samsam": {
          "version": "8.0.0",
          "requires": {
            "@sinonjs/commons": "^2.0.0",
            "lodash.get": "^4.4.2",
            "type-detect": "^4.0.8"
          },
          "dependencies": {
            "@sinonjs/commons": {
              "version": "2.0.0",
              "requires": {
                "type-detect": "4.0.8"
              }
            }
          }
        },
        "@sinonjs/text-encoding": {
          "version": "0.7.2"
        },
        "assertion-error": {
          "version": "2.0.1"
        },
        "asynckit": {
          "version": "0.4.0"
        },
        "axios": {
          "version": "1.7.2",
          "requires": {
            "follow-redirects": "^1.15.6",
            "form-data": "^4.0.0",
            "proxy-from-env": "^1.1.0"
          }
        },
        "chai": {
          "version": "5.1.1",
          "requires": {
            "assertion-error": "^2.0.1",
            "check-error": "^2.1.1",
            "deep-eql": "^5.0.1",
            "loupe": "^3.1.0",
            "pathval": "^2.0.0"
          }
        },
        "check-error": {
          "version": "2.1.1"
        },
        "combined-stream": {
          "version": "1.0.8",
          "requires": {
            "delayed-stream": "~1.0.0"
          }
        },
        "deep-eql": {
          "version": "5.0.2"
        },
        "delayed-stream": {
          "version": "1.0.0"
        },
        "diff": {
          "version": "5.2.0"
        },
        "follow-redirects": {
          "version": "1.15.6"
        },
        "form-data": {
          "version": "4.0.0",
          "requires": {
            "asynckit": "^0.4.0",
            "combined-stream": "^1.0.8",
            "mime-types": "^2.1.12"
          }
        },
        "get-func-name": {
          "version": "2.0.2"
        },
        "has-flag": {
          "version": "4.0.0"
        },
        "just-extend": {
          "version": "6.2.0"
        },
        "lodash.get": {
          "version": "4.4.2"
        },
        "loupe": {
          "version": "3.1.1",
          "requires": {
            "get-func-name": "^2.0.1"
          }
        },
        "mime-db": {
          "version": "1.52.0"
        },
        "mime-types": {
          "version": "2.1.35",
          "requires": {
            "mime-db": "1.52.0"
          }
        },
        "nise": {
          "version": "6.0.0",
          "requires": {
            "@sinonjs/commons": "^3.0.0",
            "@sinonjs/fake-timers": "^11.2.2",
            "@sinonjs/text-encoding": "^0.7.2",
            "just-extend": "^6.2.0",
            "path-to-regexp": "^6.2.1"
          }
        },
        "path-to-regexp": {
          "version": "6.2.2"
        },
        "pathval": {
          "version": "2.0.0"
        },
        "proxy-from-env": {
          "version": "1.1.0"
        },
        "sinon": {
          "version": "18.0.0",
          "requires": {
            "@sinonjs/commons": "^3.0.1",
            "@sinonjs/fake-timers": "^11.2.2",
            "@sinonjs/samsam": "^8.0.0",
            "diff": "^5.2.0",
            "nise": "^6.0.0",
            "supports-color": "^7"
          }
        },
        "supports-color": {
          "version": "7.2.0",
          "requires": {
            "has-flag": "^4.0.0"
          }
        },
        "type-detect": {
          "version": "4.0.8"
        }
      }
    }
  }
}
